
Microsoft Visual Studio Solution File, Format Version 12.00
# Visual Studio Version 17
VisualStudioVersion = 17.5.002.0
MinimumVisualStudioVersion = 10.0.40219.1
Project("{9A19103F-16F7-4668-BE54-9A1E7A4F7556}") = "Scheduler-Simulator", "Scheduler-Simulator.csproj", "{EB20967A-AB9D-4320-923F-D6E815B23419}"
EndProject
Global
	GlobalSection(SolutionConfigurationPlatforms) = preSolution
		Debug|Any CPU = Debug|Any CPU
		Release|Any CPU = Release|Any CPU
	EndGlobalSection
	GlobalSection(ProjectConfigurationPlatforms) = postSolution
		{EB20967A-AB9D-4320-923F-D6E815B23419}.Debug|Any CPU.ActiveCfg = Debug|Any CPU
		{EB20967A-AB9D-4320-923F-D6E815B23419}.Debug|Any CPU.Build.0 = Debug|Any CPU
		{EB20967A-AB9D-4320-923F-D6E815B23419}.Release|Any CPU.ActiveCfg = Release|Any CPU
		{EB20967A-AB9D-4320-923F-D6E815B23419}.Release|Any CPU.Build.0 = Release|Any CPU
	EndGlobalSection
	GlobalSection(SolutionProperties) = preSolution
		HideSolutionNode = FALSE
	EndGlobalSection
	GlobalSection(ExtensibilityGlobals) = postSolution
		SolutionGuid = {0B8FE93C-ADDA-4BA7-BC57-69C6DA79DE8F}
	EndGlobalSection
EndGlobal
